
Microsoft Visual Studio Solution File, Format Version 12.00
# Visual Studio Version 17
VisualStudioVersion = 17.5.33424.131
MinimumVisualStudioVersion = 10.0.40219.1
Project("{FAE04EC0-301F-11D3-BF4B-00C04F79EFBC}") = "FlatRockTechnology-TestTask", "FlatRockTechnology-TestTask\FlatRockTechnology-TestTask.csproj", "{718FED1D-9249-4B19-BA9C-CE584C0989E5}"
EndProject
Global
	GlobalSection(SolutionConfigurationPlatforms) = preSolution
		Debug|Any CPU = Debug|Any CPU
		Release|Any CPU = Release|Any CPU
	EndGlobalSection
	GlobalSection(ProjectConfigurationPlatforms) = postSolution
		{718FED1D-9249-4B19-BA9C-CE584C0989E5}.Debug|Any CPU.ActiveCfg = Debug|Any CPU
		{718FED1D-9249-4B19-BA9C-CE584C0989E5}.Debug|Any CPU.Build.0 = Debug|Any CPU
		{718FED1D-9249-4B19-BA9C-CE584C0989E5}.Release|Any CPU.ActiveCfg = Release|Any CPU
		{718FED1D-9249-4B19-BA9C-CE584C0989E5}.Release|Any CPU.Build.0 = Release|Any CPU
	EndGlobalSection
	GlobalSection(SolutionProperties) = preSolution
		HideSolutionNode = FALSE
	EndGlobalSection
	GlobalSection(ExtensibilityGlobals) = postSolution
		SolutionGuid = {83EF8E86-C6E8-4591-B4EB-B7BD5BABC6D2}
	EndGlobalSection
EndGlobal
